<?xml version="1.0" encoding="utf-8"?>
<Project ToolsVersion="4.0" xmlns="http://schemas.microsoft.com/developer/msbuild/2003">
  <ItemGroup>
    <Filter Include="Source Files">
      <UniqueIdentifier>{4FC737F1-C7A5-4376-A066-2A32D752A2FF}</UniqueIdentifier>
      <Extensions>cpp;c;cc;cxx;def;odl;idl;hpj;bat;asm;asmx</Extensions>
    </Filter>
    <Filter Include="Header Files">
      <UniqueIdentifier>{93995380-89BD-4b04-88EB-625FBE52EBFB}</UniqueIdentifier>
      <Extensions>h;hh;hpp;hxx;hm;inl;inc;ipp;xsd</Extensions>
    </Filter>
    <Filter Include="Resource Files">
      <UniqueIdentifier>{67DA6AB6-F800-4c08-8B7A-83BB121AAD01}</UniqueIdentifier>
      <Extensions>rc;ico;cur;bmp;dlg;rc2;rct;bin;rgs;gif;jpg;jpeg;jpe;resx;tiff;tif;png;wav;mfcribbon-ms</Extensions>
    </Filter>
    <Filter Include="Source Files\Tokens">
      <UniqueIdentifier>{30f61923-8ccf-4e88-89de-a43e16e67ea5}</UniqueIdentifier>
    </Filter>
    <Filter Include="Source Files\Test files">
      <UniqueIdentifier>{a0d4aed0-dd3f-4776-a0a8-2cbfb6f2229a}</UniqueIdentifier>
    </Filter>
  </ItemGroup>
  <ItemGroup>
    <ClCompile Include="recipe.cpp">
      <Filter>Source Files</Filter>
    </ClCompile>
    <ClCompile Include="Scanner.cpp">
      <Filter>Source Files</Filter>
    </ClCompile>
    <ClCompile Include="Token.cpp">
      <Filter>Source Files</Filter>
    </ClCompile>
    <ClCompile Include="Bool.cpp">
      <Filter>Source Files\Tokens</Filter>
    </ClCompile>
    <ClCompile Include="Char.cpp">
      <Filter>Source Files\Tokens</Filter>
    </ClCompile>
    <ClCompile Include="Int.cpp">
      <Filter>Source Files\Tokens</Filter>
    </ClCompile>
    <ClCompile Include="String.cpp">
      <Filter>Source Files\Tokens</Filter>
    </ClCompile>
    <ClCompile Include="Names.cpp">
      <Filter>Source Files</Filter>
    </ClCompile>
  </ItemGroup>
  <ItemGroup>
    <ClInclude Include="Scanner.h">
      <Filter>Header Files</Filter>
    </ClInclude>
    <ClInclude Include="Token.h">
      <Filter>Header Files</Filter>
    </ClInclude>
    <ClInclude Include="String.h">
      <Filter>Header Files</Filter>
    </ClInclude>
    <ClInclude Include="Int.h">
      <Filter>Header Files</Filter>
    </ClInclude>
    <ClInclude Include="Char.h">
      <Filter>Header Files</Filter>
    </ClInclude>
    <ClInclude Include="Bool.h">
      <Filter>Header Files</Filter>
    </ClInclude>
    <ClInclude Include="Names.h">
      <Filter>Header Files</Filter>
    </ClInclude>
  </ItemGroup>
  <ItemGroup>
    <None Include="scannerReadTest.recipe">
      <Filter>Source Files\Test files</Filter>
    </None>
  </ItemGroup>
</Project>