<?xml version="1.0" encoding="utf-8"?>
<Project ToolsVersion="4.0" xmlns="http://schemas.microsoft.com/developer/msbuild/2003">
  <ItemGroup>
    <Filter Include="Source Files">
      <UniqueIdentifier>{4FC737F1-C7A5-4376-A066-2A32D752A2FF}</UniqueIdentifier>
      <Extensions>cpp;c;cc;cxx;def;odl;idl;hpj;bat;asm;asmx</Extensions>
    </Filter>
    <Filter Include="Header Files">
      <UniqueIdentifier>{93995380-89BD-4b04-88EB-625FBE52EBFB}</UniqueIdentifier>
      <Extensions>h;hh;hpp;hxx;hm;inl;inc;ipp;xsd</Extensions>
    </Filter>
    <Filter Include="Resource Files">
      <UniqueIdentifier>{67DA6AB6-F800-4c08-8B7A-83BB121AAD01}</UniqueIdentifier>
      <Extensions>rc;ico;cur;bmp;dlg;rc2;rct;bin;rgs;gif;jpg;jpeg;jpe;resx;tiff;tif;png;wav;mfcribbon-ms</Extensions>
    </Filter>
    <Filter Include="Source Files\Tokens">
      <UniqueIdentifier>{30f61923-8ccf-4e88-89de-a43e16e67ea5}</UniqueIdentifier>
    </Filter>
    <Filter Include="Source Files\Test files">
      <UniqueIdentifier>{a0d4aed0-dd3f-4776-a0a8-2cbfb6f2229a}</UniqueIdentifier>
    </Filter>
  </ItemGroup>
  <ItemGroup>
    <ClCompile Include="Scanner.cpp">
      <Filter>Source Files</Filter>
    </ClCompile>
    <ClCompile Include="parser.cpp">
      <Filter>Source Files</Filter>
    </ClCompile>
    <ClCompile Include="Tokens\String.cpp">
      <Filter>Source Files\Tokens</Filter>
    </ClCompile>
    <ClCompile Include="Tokens\Int.cpp">
      <Filter>Source Files\Tokens</Filter>
    </ClCompile>
    <ClCompile Include="Tokens\Char.cpp">
      <Filter>Source Files\Tokens</Filter>
    </ClCompile>
    <ClCompile Include="Tokens\Bool.cpp">
      <Filter>Source Files\Tokens</Filter>
    </ClCompile>
    <ClCompile Include="Tokens\Names.cpp">
      <Filter>Source Files</Filter>
    </ClCompile>
    <ClCompile Include="Tokens\Token.cpp">
      <Filter>Source Files</Filter>
    </ClCompile>
    <ClCompile Include="ProgramTree\Declaration.cpp">
      <Filter>Source Files</Filter>
    </ClCompile>
    <ClCompile Include="ProgramTree\Node.cpp">
      <Filter>Source Files</Filter>
    </ClCompile>
    <ClCompile Include="ProgramTree\Program.cpp">
      <Filter>Source Files</Filter>
    </ClCompile>
    <ClCompile Include="ProgramTree\Type.cpp">
      <Filter>Source Files</Filter>
    </ClCompile>
    <ClCompile Include="Main.cpp">
      <Filter>Source Files</Filter>
    </ClCompile>
    <ClCompile Include="Tokens\StartCode.cpp">
      <Filter>Source Files</Filter>
    </ClCompile>
    <ClCompile Include="Tokens\EndCode.cpp">
      <Filter>Source Files</Filter>
    </ClCompile>
    <ClCompile Include="Tokens\Add.cpp">
      <Filter>Source Files</Filter>
    </ClCompile>
    <ClCompile Include="Tokens\Numeral.cpp">
      <Filter>Source Files</Filter>
    </ClCompile>
    <ClCompile Include="Tokens\Expression.cpp">
      <Filter>Source Files</Filter>
    </ClCompile>
    <ClCompile Include="ProgramTree\AddAssignments.cpp">
      <Filter>Source Files</Filter>
    </ClCompile>
    <ClCompile Include="ProgramTree\ParsNumeral.cpp">
      <Filter>Source Files</Filter>
    </ClCompile>
    <ClCompile Include="ProgramTree\ParsExpression.cpp">
      <Filter>Source Files</Filter>
    </ClCompile>
    <ClCompile Include="ProgramTree\Variable.cpp">
      <Filter>Source Files</Filter>
    </ClCompile>
    <ClCompile Include="Tokens\Operator.cpp">
      <Filter>Source Files</Filter>
    </ClCompile>
    <ClCompile Include="ProgramTree\Assignment.cpp">
      <Filter>Source Files</Filter>
    </ClCompile>
    <ClCompile Include="ProgramTree\myOperator.cpp">
      <Filter>Source Files</Filter>
    </ClCompile>
    <ClCompile Include="ProgramTree\Functions.cpp">
      <Filter>Source Files</Filter>
    </ClCompile>
    <ClCompile Include="Tokens\TokFunctions.cpp">
      <Filter>Source Files</Filter>
    </ClCompile>
    <ClCompile Include="ProgramTree\Statements.cpp">
      <Filter>Source Files</Filter>
    </ClCompile>
    <ClCompile Include="ProgramTree\Print.cpp">
      <Filter>Source Files</Filter>
    </ClCompile>
    <ClCompile Include="Tokens\TokPrint.cpp">
      <Filter>Source Files</Filter>
    </ClCompile>
    <ClCompile Include="Tokens\TokEndNote.cpp">
      <Filter>Source Files</Filter>
    </ClCompile>
  </ItemGroup>
  <ItemGroup>
    <ClInclude Include="Scanner.h">
      <Filter>Header Files</Filter>
    </ClInclude>
    <ClInclude Include="parser.h">
      <Filter>Header Files</Filter>
    </ClInclude>
    <ClInclude Include="Tokens\Bool.h">
      <Filter>Header Files</Filter>
    </ClInclude>
    <ClInclude Include="Tokens\Char.h">
      <Filter>Header Files</Filter>
    </ClInclude>
    <ClInclude Include="Tokens\Int.h">
      <Filter>Header Files</Filter>
    </ClInclude>
    <ClInclude Include="Tokens\String.h">
      <Filter>Header Files</Filter>
    </ClInclude>
    <ClInclude Include="Tokens\Names.h">
      <Filter>Header Files</Filter>
    </ClInclude>
    <ClInclude Include="Tokens\Token.h">
      <Filter>Header Files</Filter>
    </ClInclude>
    <ClInclude Include="ProgramTree\Program.h">
      <Filter>Header Files</Filter>
    </ClInclude>
    <ClInclude Include="ProgramTree\Node.h">
      <Filter>Header Files</Filter>
    </ClInclude>
    <ClInclude Include="ProgramTree\Type.h">
      <Filter>Header Files</Filter>
    </ClInclude>
    <ClInclude Include="ProgramTree\Declaration.h">
      <Filter>Header Files</Filter>
    </ClInclude>
    <ClInclude Include="Tokens\StartCode.h">
      <Filter>Header Files</Filter>
    </ClInclude>
    <ClInclude Include="Tokens\EndCode.h">
      <Filter>Header Files</Filter>
    </ClInclude>
    <ClInclude Include="Tokens\Add.h">
      <Filter>Header Files</Filter>
    </ClInclude>
    <ClInclude Include="Tokens\Numeral.h">
      <Filter>Header Files</Filter>
    </ClInclude>
    <ClInclude Include="Tokens\Expression.h">
      <Filter>Header Files</Filter>
    </ClInclude>
    <ClInclude Include="ProgramTree\AddAssignments.h">
      <Filter>Header Files</Filter>
    </ClInclude>
    <ClInclude Include="ProgramTree\ParsNumeral.h">
      <Filter>Header Files</Filter>
    </ClInclude>
    <ClInclude Include="ProgramTree\ParsExpression.h">
      <Filter>Header Files</Filter>
    </ClInclude>
    <ClInclude Include="ProgramTree\Variable.h">
      <Filter>Header Files</Filter>
    </ClInclude>
    <ClInclude Include="Token\Operator.h">
      <Filter>Header Files</Filter>
    </ClInclude>
    <ClInclude Include="ProgramTree\Assignment.h">
      <Filter>Header Files</Filter>
    </ClInclude>
    <ClInclude Include="ProgramTree\myOperator.h">
      <Filter>Header Files</Filter>
    </ClInclude>
    <ClInclude Include="ProgramTree\Functions.h">
      <Filter>Header Files</Filter>
    </ClInclude>
    <ClInclude Include="Tokens\TokFunctions.h">
      <Filter>Header Files</Filter>
    </ClInclude>
    <ClInclude Include="ProgramTree\Statements.h">
      <Filter>Header Files</Filter>
    </ClInclude>
    <ClInclude Include="Tokens\TokPrint.h">
      <Filter>Header Files</Filter>
    </ClInclude>
    <ClInclude Include="ProgramTree\Print.h">
      <Filter>Header Files</Filter>
    </ClInclude>
    <ClInclude Include="Tokens\TokEndNote.h">
      <Filter>Header Files</Filter>
    </ClInclude>
  </ItemGroup>
  <ItemGroup>
    <None Include="scannerReadTest.recipe">
      <Filter>Source Files\Test files</Filter>
    </None>
  </ItemGroup>
</Project>